
Microsoft Visual Studio Solution File, Format Version 12.00
# Visual Studio Version 17
VisualStudioVersion = 17.0.31903.59
MinimumVisualStudioVersion = 10.0.40219.1
Project("{2150E333-8FDC-42A3-9474-1A3956D46DE8}") = "Services", "Services", "{0E1195C8-5881-4348-B315-24B15B101DF0}"
EndProject
Project("{2150E333-8FDC-42A3-9474-1A3956D46DE8}") = "Catalog", "Catalog", "{A5FA2CC6-7773-40C5-A7BC-CE4A25FE0A41}"
EndProject
Project("{9A19103F-16F7-4668-BE54-9A1E7A4F7556}") = "Catalog.API", "Services\Catalog\Catalog.API\Catalog.API.csproj", "{8D780E52-2F91-48EC-99DC-7BAA4FB81EE1}"
EndProject
Project("{E53339B2-1760-4266-BCC7-CA923CBCF16C}") = "docker-compose", "docker-compose.dcproj", "{CDF2DF7C-8837-48D9-ADC8-E929F91C5D36}"
EndProject
Project("{2150E333-8FDC-42A3-9474-1A3956D46DE8}") = "Basket", "Basket", "{D1C6449B-4877-4D53-B15F-F4B0D4C69590}"
EndProject
Project("{9A19103F-16F7-4668-BE54-9A1E7A4F7556}") = "Basket.API", "Services\Basket\Basket.API\Basket.API.csproj", "{37837F92-BED1-499C-8610-23702096406C}"
EndProject
Project("{2150E333-8FDC-42A3-9474-1A3956D46DE8}") = "Discount", "Discount", "{D7003D69-F12B-46BA-AE78-62D60B1A2785}"
EndProject
Project("{FAE04EC0-301F-11D3-BF4B-00C04F79EFBC}") = "Discount.API", "Services\Discount\Discount.API\Discount.API.csproj", "{0E79364C-7274-4BE7-812F-2F7B8392631A}"
EndProject
Global
	GlobalSection(SolutionConfigurationPlatforms) = preSolution
		Debug|Any CPU = Debug|Any CPU
		Release|Any CPU = Release|Any CPU
	EndGlobalSection
	GlobalSection(ProjectConfigurationPlatforms) = postSolution
		{8D780E52-2F91-48EC-99DC-7BAA4FB81EE1}.Debug|Any CPU.ActiveCfg = Debug|Any CPU
		{8D780E52-2F91-48EC-99DC-7BAA4FB81EE1}.Debug|Any CPU.Build.0 = Debug|Any CPU
		{8D780E52-2F91-48EC-99DC-7BAA4FB81EE1}.Release|Any CPU.ActiveCfg = Release|Any CPU
		{8D780E52-2F91-48EC-99DC-7BAA4FB81EE1}.Release|Any CPU.Build.0 = Release|Any CPU
		{CDF2DF7C-8837-48D9-ADC8-E929F91C5D36}.Debug|Any CPU.ActiveCfg = Debug|Any CPU
		{CDF2DF7C-8837-48D9-ADC8-E929F91C5D36}.Debug|Any CPU.Build.0 = Debug|Any CPU
		{CDF2DF7C-8837-48D9-ADC8-E929F91C5D36}.Release|Any CPU.ActiveCfg = Release|Any CPU
		{CDF2DF7C-8837-48D9-ADC8-E929F91C5D36}.Release|Any CPU.Build.0 = Release|Any CPU
		{37837F92-BED1-499C-8610-23702096406C}.Debug|Any CPU.ActiveCfg = Debug|Any CPU
		{37837F92-BED1-499C-8610-23702096406C}.Debug|Any CPU.Build.0 = Debug|Any CPU
		{37837F92-BED1-499C-8610-23702096406C}.Release|Any CPU.ActiveCfg = Release|Any CPU
		{37837F92-BED1-499C-8610-23702096406C}.Release|Any CPU.Build.0 = Release|Any CPU
		{0E79364C-7274-4BE7-812F-2F7B8392631A}.Debug|Any CPU.ActiveCfg = Debug|Any CPU
		{0E79364C-7274-4BE7-812F-2F7B8392631A}.Debug|Any CPU.Build.0 = Debug|Any CPU
		{0E79364C-7274-4BE7-812F-2F7B8392631A}.Release|Any CPU.ActiveCfg = Release|Any CPU
		{0E79364C-7274-4BE7-812F-2F7B8392631A}.Release|Any CPU.Build.0 = Release|Any CPU
	EndGlobalSection
	GlobalSection(SolutionProperties) = preSolution
		HideSolutionNode = FALSE
	EndGlobalSection
	GlobalSection(NestedProjects) = preSolution
		{A5FA2CC6-7773-40C5-A7BC-CE4A25FE0A41} = {0E1195C8-5881-4348-B315-24B15B101DF0}
		{8D780E52-2F91-48EC-99DC-7BAA4FB81EE1} = {A5FA2CC6-7773-40C5-A7BC-CE4A25FE0A41}
		{D1C6449B-4877-4D53-B15F-F4B0D4C69590} = {0E1195C8-5881-4348-B315-24B15B101DF0}
		{37837F92-BED1-499C-8610-23702096406C} = {D1C6449B-4877-4D53-B15F-F4B0D4C69590}
		{D7003D69-F12B-46BA-AE78-62D60B1A2785} = {0E1195C8-5881-4348-B315-24B15B101DF0}
		{0E79364C-7274-4BE7-812F-2F7B8392631A} = {D7003D69-F12B-46BA-AE78-62D60B1A2785}
	EndGlobalSection
	GlobalSection(ExtensibilityGlobals) = postSolution
		SolutionGuid = {F39B6423-9F81-4321-81A3-CDF2E978D5BB}
	EndGlobalSection
EndGlobal
