
Microsoft Visual Studio Solution File, Format Version 12.00
# Visual Studio Version 17
VisualStudioVersion = 17.0.31903.59
MinimumVisualStudioVersion = 10.0.40219.1
Project("{2150E333-8FDC-42A3-9474-1A3956D46DE8}") = "Services", "Services", "{0E1195C8-5881-4348-B315-24B15B101DF0}"
EndProject
Project("{2150E333-8FDC-42A3-9474-1A3956D46DE8}") = "Catalog", "Catalog", "{A5FA2CC6-7773-40C5-A7BC-CE4A25FE0A41}"
EndProject
Project("{9A19103F-16F7-4668-BE54-9A1E7A4F7556}") = "Catalog.API", "Services\Catalog\Catalog.API\Catalog.API.csproj", "{8D780E52-2F91-48EC-99DC-7BAA4FB81EE1}"
EndProject
Project("{E53339B2-1760-4266-BCC7-CA923CBCF16C}") = "docker-compose", "docker-compose.dcproj", "{CDF2DF7C-8837-48D9-ADC8-E929F91C5D36}"
EndProject
Project("{2150E333-8FDC-42A3-9474-1A3956D46DE8}") = "Basket", "Basket", "{D1C6449B-4877-4D53-B15F-F4B0D4C69590}"
EndProject
Project("{9A19103F-16F7-4668-BE54-9A1E7A4F7556}") = "Basket.API", "Services\Basket\Basket.API\Basket.API.csproj", "{37837F92-BED1-499C-8610-23702096406C}"
EndProject
Project("{2150E333-8FDC-42A3-9474-1A3956D46DE8}") = "Discount", "Discount", "{D7003D69-F12B-46BA-AE78-62D60B1A2785}"
EndProject
Project("{9A19103F-16F7-4668-BE54-9A1E7A4F7556}") = "Discount.API", "Services\Discount\Discount.API\Discount.API.csproj", "{0E79364C-7274-4BE7-812F-2F7B8392631A}"
EndProject
Project("{9A19103F-16F7-4668-BE54-9A1E7A4F7556}") = "Discount.gRPC", "Services\Discount\Discount.gRPC\Discount.gRPC.csproj", "{5B4A2FDC-CA93-4A87-B781-86F749EDEF3A}"
EndProject
Project("{2150E333-8FDC-42A3-9474-1A3956D46DE8}") = "Ordering", "Ordering", "{BBEC3741-6F2B-4965-9427-55C51EAC3D74}"
EndProject
Project("{9A19103F-16F7-4668-BE54-9A1E7A4F7556}") = "Ordering.API", "Services\Ordering\Ordering.API\Ordering.API.csproj", "{3E383A5E-BF07-4242-8DA1-711797BCE29D}"
EndProject
Project("{9A19103F-16F7-4668-BE54-9A1E7A4F7556}") = "Ordering.Application", "Services\Ordering\Ordering.Application\Ordering.Application.csproj", "{1B89435C-9004-4311-9DA0-21F49F9BCC98}"
EndProject
Project("{9A19103F-16F7-4668-BE54-9A1E7A4F7556}") = "Ordering.Domain", "Services\Ordering\Ordering.Domain\Ordering.Domain.csproj", "{9726DAD4-F618-4519-B770-E1AE6B757C5D}"
EndProject
Project("{9A19103F-16F7-4668-BE54-9A1E7A4F7556}") = "Ordering.Infrastructure", "Services\Ordering\Ordering.Infrastructure\Ordering.Infrastructure.csproj", "{A82D9FE4-FB46-4868-A474-5AFB06E33FA5}"
EndProject
Project("{2150E333-8FDC-42A3-9474-1A3956D46DE8}") = "BuildingBlocks", "BuildingBlocks", "{8B5BC409-74BD-4A46-9522-11C2E1ED7CC2}"
EndProject
Project("{9A19103F-16F7-4668-BE54-9A1E7A4F7556}") = "EventBus.Messages", "BuildingBlocks\EventBus.Messages\EventBus.Messages.csproj", "{6977280F-48D9-436E-B20B-E5A27F4642ED}"
EndProject
Project("{2150E333-8FDC-42A3-9474-1A3956D46DE8}") = "ApiGateways", "ApiGateways", "{BB216618-8E80-478E-801A-3292C92D513A}"
EndProject
Project("{9A19103F-16F7-4668-BE54-9A1E7A4F7556}") = "OcelotApiGw", "ApiGateways\OcelotApiGw\OcelotApiGw.csproj", "{960174ED-FD61-4460-BA23-E517D7C47EB6}"
EndProject
Project("{FAE04EC0-301F-11D3-BF4B-00C04F79EFBC}") = "Shopping.Aggregator", "ApiGateways\Shopping.Aggregator\Shopping.Aggregator.csproj", "{F30FF29E-60AF-4335-9C9A-AAC4B16E6CB3}"
EndProject
Global
	GlobalSection(SolutionConfigurationPlatforms) = preSolution
		Debug|Any CPU = Debug|Any CPU
		Release|Any CPU = Release|Any CPU
	EndGlobalSection
	GlobalSection(ProjectConfigurationPlatforms) = postSolution
		{8D780E52-2F91-48EC-99DC-7BAA4FB81EE1}.Debug|Any CPU.ActiveCfg = Debug|Any CPU
		{8D780E52-2F91-48EC-99DC-7BAA4FB81EE1}.Debug|Any CPU.Build.0 = Debug|Any CPU
		{8D780E52-2F91-48EC-99DC-7BAA4FB81EE1}.Release|Any CPU.ActiveCfg = Release|Any CPU
		{8D780E52-2F91-48EC-99DC-7BAA4FB81EE1}.Release|Any CPU.Build.0 = Release|Any CPU
		{CDF2DF7C-8837-48D9-ADC8-E929F91C5D36}.Debug|Any CPU.ActiveCfg = Debug|Any CPU
		{CDF2DF7C-8837-48D9-ADC8-E929F91C5D36}.Debug|Any CPU.Build.0 = Debug|Any CPU
		{CDF2DF7C-8837-48D9-ADC8-E929F91C5D36}.Release|Any CPU.ActiveCfg = Release|Any CPU
		{CDF2DF7C-8837-48D9-ADC8-E929F91C5D36}.Release|Any CPU.Build.0 = Release|Any CPU
		{37837F92-BED1-499C-8610-23702096406C}.Debug|Any CPU.ActiveCfg = Debug|Any CPU
		{37837F92-BED1-499C-8610-23702096406C}.Debug|Any CPU.Build.0 = Debug|Any CPU
		{37837F92-BED1-499C-8610-23702096406C}.Release|Any CPU.ActiveCfg = Release|Any CPU
		{37837F92-BED1-499C-8610-23702096406C}.Release|Any CPU.Build.0 = Release|Any CPU
		{0E79364C-7274-4BE7-812F-2F7B8392631A}.Debug|Any CPU.ActiveCfg = Debug|Any CPU
		{0E79364C-7274-4BE7-812F-2F7B8392631A}.Debug|Any CPU.Build.0 = Debug|Any CPU
		{0E79364C-7274-4BE7-812F-2F7B8392631A}.Release|Any CPU.ActiveCfg = Release|Any CPU
		{0E79364C-7274-4BE7-812F-2F7B8392631A}.Release|Any CPU.Build.0 = Release|Any CPU
		{5B4A2FDC-CA93-4A87-B781-86F749EDEF3A}.Debug|Any CPU.ActiveCfg = Debug|Any CPU
		{5B4A2FDC-CA93-4A87-B781-86F749EDEF3A}.Debug|Any CPU.Build.0 = Debug|Any CPU
		{5B4A2FDC-CA93-4A87-B781-86F749EDEF3A}.Release|Any CPU.ActiveCfg = Release|Any CPU
		{5B4A2FDC-CA93-4A87-B781-86F749EDEF3A}.Release|Any CPU.Build.0 = Release|Any CPU
		{3E383A5E-BF07-4242-8DA1-711797BCE29D}.Debug|Any CPU.ActiveCfg = Debug|Any CPU
		{3E383A5E-BF07-4242-8DA1-711797BCE29D}.Debug|Any CPU.Build.0 = Debug|Any CPU
		{3E383A5E-BF07-4242-8DA1-711797BCE29D}.Release|Any CPU.ActiveCfg = Release|Any CPU
		{3E383A5E-BF07-4242-8DA1-711797BCE29D}.Release|Any CPU.Build.0 = Release|Any CPU
		{1B89435C-9004-4311-9DA0-21F49F9BCC98}.Debug|Any CPU.ActiveCfg = Debug|Any CPU
		{1B89435C-9004-4311-9DA0-21F49F9BCC98}.Debug|Any CPU.Build.0 = Debug|Any CPU
		{1B89435C-9004-4311-9DA0-21F49F9BCC98}.Release|Any CPU.ActiveCfg = Release|Any CPU
		{1B89435C-9004-4311-9DA0-21F49F9BCC98}.Release|Any CPU.Build.0 = Release|Any CPU
		{9726DAD4-F618-4519-B770-E1AE6B757C5D}.Debug|Any CPU.ActiveCfg = Debug|Any CPU
		{9726DAD4-F618-4519-B770-E1AE6B757C5D}.Debug|Any CPU.Build.0 = Debug|Any CPU
		{9726DAD4-F618-4519-B770-E1AE6B757C5D}.Release|Any CPU.ActiveCfg = Release|Any CPU
		{9726DAD4-F618-4519-B770-E1AE6B757C5D}.Release|Any CPU.Build.0 = Release|Any CPU
		{A82D9FE4-FB46-4868-A474-5AFB06E33FA5}.Debug|Any CPU.ActiveCfg = Debug|Any CPU
		{A82D9FE4-FB46-4868-A474-5AFB06E33FA5}.Debug|Any CPU.Build.0 = Debug|Any CPU
		{A82D9FE4-FB46-4868-A474-5AFB06E33FA5}.Release|Any CPU.ActiveCfg = Release|Any CPU
		{A82D9FE4-FB46-4868-A474-5AFB06E33FA5}.Release|Any CPU.Build.0 = Release|Any CPU
		{6977280F-48D9-436E-B20B-E5A27F4642ED}.Debug|Any CPU.ActiveCfg = Debug|Any CPU
		{6977280F-48D9-436E-B20B-E5A27F4642ED}.Debug|Any CPU.Build.0 = Debug|Any CPU
		{6977280F-48D9-436E-B20B-E5A27F4642ED}.Release|Any CPU.ActiveCfg = Release|Any CPU
		{6977280F-48D9-436E-B20B-E5A27F4642ED}.Release|Any CPU.Build.0 = Release|Any CPU
		{960174ED-FD61-4460-BA23-E517D7C47EB6}.Debug|Any CPU.ActiveCfg = Debug|Any CPU
		{960174ED-FD61-4460-BA23-E517D7C47EB6}.Debug|Any CPU.Build.0 = Debug|Any CPU
		{960174ED-FD61-4460-BA23-E517D7C47EB6}.Release|Any CPU.ActiveCfg = Release|Any CPU
		{960174ED-FD61-4460-BA23-E517D7C47EB6}.Release|Any CPU.Build.0 = Release|Any CPU
		{F30FF29E-60AF-4335-9C9A-AAC4B16E6CB3}.Debug|Any CPU.ActiveCfg = Debug|Any CPU
		{F30FF29E-60AF-4335-9C9A-AAC4B16E6CB3}.Debug|Any CPU.Build.0 = Debug|Any CPU
		{F30FF29E-60AF-4335-9C9A-AAC4B16E6CB3}.Release|Any CPU.ActiveCfg = Release|Any CPU
		{F30FF29E-60AF-4335-9C9A-AAC4B16E6CB3}.Release|Any CPU.Build.0 = Release|Any CPU
	EndGlobalSection
	GlobalSection(SolutionProperties) = preSolution
		HideSolutionNode = FALSE
	EndGlobalSection
	GlobalSection(NestedProjects) = preSolution
		{A5FA2CC6-7773-40C5-A7BC-CE4A25FE0A41} = {0E1195C8-5881-4348-B315-24B15B101DF0}
		{8D780E52-2F91-48EC-99DC-7BAA4FB81EE1} = {A5FA2CC6-7773-40C5-A7BC-CE4A25FE0A41}
		{D1C6449B-4877-4D53-B15F-F4B0D4C69590} = {0E1195C8-5881-4348-B315-24B15B101DF0}
		{37837F92-BED1-499C-8610-23702096406C} = {D1C6449B-4877-4D53-B15F-F4B0D4C69590}
		{D7003D69-F12B-46BA-AE78-62D60B1A2785} = {0E1195C8-5881-4348-B315-24B15B101DF0}
		{0E79364C-7274-4BE7-812F-2F7B8392631A} = {D7003D69-F12B-46BA-AE78-62D60B1A2785}
		{5B4A2FDC-CA93-4A87-B781-86F749EDEF3A} = {D7003D69-F12B-46BA-AE78-62D60B1A2785}
		{BBEC3741-6F2B-4965-9427-55C51EAC3D74} = {0E1195C8-5881-4348-B315-24B15B101DF0}
		{3E383A5E-BF07-4242-8DA1-711797BCE29D} = {BBEC3741-6F2B-4965-9427-55C51EAC3D74}
		{1B89435C-9004-4311-9DA0-21F49F9BCC98} = {BBEC3741-6F2B-4965-9427-55C51EAC3D74}
		{9726DAD4-F618-4519-B770-E1AE6B757C5D} = {BBEC3741-6F2B-4965-9427-55C51EAC3D74}
		{A82D9FE4-FB46-4868-A474-5AFB06E33FA5} = {BBEC3741-6F2B-4965-9427-55C51EAC3D74}
		{6977280F-48D9-436E-B20B-E5A27F4642ED} = {8B5BC409-74BD-4A46-9522-11C2E1ED7CC2}
		{960174ED-FD61-4460-BA23-E517D7C47EB6} = {BB216618-8E80-478E-801A-3292C92D513A}
		{F30FF29E-60AF-4335-9C9A-AAC4B16E6CB3} = {BB216618-8E80-478E-801A-3292C92D513A}
	EndGlobalSection
	GlobalSection(ExtensibilityGlobals) = postSolution
		SolutionGuid = {F39B6423-9F81-4321-81A3-CDF2E978D5BB}
	EndGlobalSection
EndGlobal
